
Microsoft Visual Studio Solution File, Format Version 12.00
# Visual Studio Version 17
VisualStudioVersion = 17.14.37111.16
MinimumVisualStudioVersion = 10.0.40219.1
Project("{8BC9CEB8-8B4A-11D0-8D11-00A0C91BC942}") = "Chapter1_1", "Chapter1_1\Chapter1_1.vcxproj", "{4AB0CC4F-5510-4438-A14B-FA3B1681B221}"
EndProject
Project("{8BC9CEB8-8B4A-11D0-8D11-00A0C91BC942}") = "Chapter1_2", "Chapter1_2\Chapter1_2.vcxproj", "{E168A974-5D6D-41B1-9232-0BDA8465D889}"
EndProject
Project("{8BC9CEB8-8B4A-11D0-8D11-00A0C91BC942}") = "Chapter1_3", "Chapter1_3\Chapter1_3.vcxproj", "{2E73B4A9-0EE4-4A10-A438-9E53EE27EAFD}"
EndProject
Project("{8BC9CEB8-8B4A-11D0-8D11-00A0C91BC942}") = "Chapter1_4", "Chapter1_4\Chapter1_4.vcxproj", "{48E8FFFE-0F51-4BDE-8FDB-ACF00B73ABC8}"
EndProject
Project("{8BC9CEB8-8B4A-11D0-8D11-00A0C91BC942}") = "Chapter1_5", "Chapter1_5\Chapter1_5.vcxproj", "{6392D94D-ACF4-4313-AD59-425AC6EA6469}"
EndProject
Global
	GlobalSection(SolutionConfigurationPlatforms) = preSolution
		Debug|x64 = Debug|x64
		Debug|x86 = Debug|x86
		Release|x64 = Release|x64
		Release|x86 = Release|x86
	EndGlobalSection
	GlobalSection(ProjectConfigurationPlatforms) = postSolution
		{4AB0CC4F-5510-4438-A14B-FA3B1681B221}.Debug|x64.ActiveCfg = Debug|x64
		{4AB0CC4F-5510-4438-A14B-FA3B1681B221}.Debug|x64.Build.0 = Debug|x64
		{4AB0CC4F-5510-4438-A14B-FA3B1681B221}.Debug|x86.ActiveCfg = Debug|Win32
		{4AB0CC4F-5510-4438-A14B-FA3B1681B221}.Debug|x86.Build.0 = Debug|Win32
		{4AB0CC4F-5510-4438-A14B-FA3B1681B221}.Release|x64.ActiveCfg = Release|x64
		{4AB0CC4F-5510-4438-A14B-FA3B1681B221}.Release|x64.Build.0 = Release|x64
		{4AB0CC4F-5510-4438-A14B-FA3B1681B221}.Release|x86.ActiveCfg = Release|Win32
		{4AB0CC4F-5510-4438-A14B-FA3B1681B221}.Release|x86.Build.0 = Release|Win32
		{E168A974-5D6D-41B1-9232-0BDA8465D889}.Debug|x64.ActiveCfg = Debug|x64
		{E168A974-5D6D-41B1-9232-0BDA8465D889}.Debug|x64.Build.0 = Debug|x64
		{E168A974-5D6D-41B1-9232-0BDA8465D889}.Debug|x86.ActiveCfg = Debug|Win32
		{E168A974-5D6D-41B1-9232-0BDA8465D889}.Debug|x86.Build.0 = Debug|Win32
		{E168A974-5D6D-41B1-9232-0BDA8465D889}.Release|x64.ActiveCfg = Release|x64
		{E168A974-5D6D-41B1-9232-0BDA8465D889}.Release|x64.Build.0 = Release|x64
		{E168A974-5D6D-41B1-9232-0BDA8465D889}.Release|x86.ActiveCfg = Release|Win32
		{E168A974-5D6D-41B1-9232-0BDA8465D889}.Release|x86.Build.0 = Release|Win32
		{2E73B4A9-0EE4-4A10-A438-9E53EE27EAFD}.Debug|x64.ActiveCfg = Debug|x64
		{2E73B4A9-0EE4-4A10-A438-9E53EE27EAFD}.Debug|x64.Build.0 = Debug|x64
		{2E73B4A9-0EE4-4A10-A438-9E53EE27EAFD}.Debug|x86.ActiveCfg = Debug|Win32
		{2E73B4A9-0EE4-4A10-A438-9E53EE27EAFD}.Debug|x86.Build.0 = Debug|Win32
		{2E73B4A9-0EE4-4A10-A438-9E53EE27EAFD}.Release|x64.ActiveCfg = Release|x64
		{2E73B4A9-0EE4-4A10-A438-9E53EE27EAFD}.Release|x64.Build.0 = Release|x64
		{2E73B4A9-0EE4-4A10-A438-9E53EE27EAFD}.Release|x86.ActiveCfg = Release|Win32
		{2E73B4A9-0EE4-4A10-A438-9E53EE27EAFD}.Release|x86.Build.0 = Release|Win32
		{48E8FFFE-0F51-4BDE-8FDB-ACF00B73ABC8}.Debug|x64.ActiveCfg = Debug|x64
		{48E8FFFE-0F51-4BDE-8FDB-ACF00B73ABC8}.Debug|x64.Build.0 = Debug|x64
		{48E8FFFE-0F51-4BDE-8FDB-ACF00B73ABC8}.Debug|x86.ActiveCfg = Debug|Win32
		{48E8FFFE-0F51-4BDE-8FDB-ACF00B73ABC8}.Debug|x86.Build.0 = Debug|Win32
		{48E8FFFE-0F51-4BDE-8FDB-ACF00B73ABC8}.Release|x64.ActiveCfg = Release|x64
		{48E8FFFE-0F51-4BDE-8FDB-ACF00B73ABC8}.Release|x64.Build.0 = Release|x64
		{48E8FFFE-0F51-4BDE-8FDB-ACF00B73ABC8}.Release|x86.ActiveCfg = Release|Win32
		{48E8FFFE-0F51-4BDE-8FDB-ACF00B73ABC8}.Release|x86.Build.0 = Release|Win32
		{6392D94D-ACF4-4313-AD59-425AC6EA6469}.Debug|x64.ActiveCfg = Debug|x64
		{6392D94D-ACF4-4313-AD59-425AC6EA6469}.Debug|x64.Build.0 = Debug|x64
		{6392D94D-ACF4-4313-AD59-425AC6EA6469}.Debug|x86.ActiveCfg = Debug|Win32
		{6392D94D-ACF4-4313-AD59-425AC6EA6469}.Debug|x86.Build.0 = Debug|Win32
		{6392D94D-ACF4-4313-AD59-425AC6EA6469}.Release|x64.ActiveCfg = Release|x64
		{6392D94D-ACF4-4313-AD59-425AC6EA6469}.Release|x64.Build.0 = Release|x64
		{6392D94D-ACF4-4313-AD59-425AC6EA6469}.Release|x86.ActiveCfg = Release|Win32
		{6392D94D-ACF4-4313-AD59-425AC6EA6469}.Release|x86.Build.0 = Release|Win32
	EndGlobalSection
	GlobalSection(SolutionProperties) = preSolution
		HideSolutionNode = FALSE
	EndGlobalSection
	GlobalSection(ExtensibilityGlobals) = postSolution
		SolutionGuid = {64F6DB47-6B0D-4EDC-BED0-8536631B2D85}
	EndGlobalSection
EndGlobal
